
Microsoft Visual Studio Solution File, Format Version 12.00
# Visual Studio 15
VisualStudioVersion = 15.0.28307.438
MinimumVisualStudioVersion = 10.0.40219.1
Project("{8BC9CEB8-8B4A-11D0-8D11-00A0C91BC942}") = "WordListDLL", "WordListDLL.vcxproj", "{EC7841AB-5B41-44A9-AA7A-6B229D9957F3}"
EndProject
Global
	GlobalSection(SolutionConfigurationPlatforms) = preSolution
		Debug|x64 = Debug|x64
		Debug|x86 = Debug|x86
		Release|x64 = Release|x64
		Release|x86 = Release|x86
	EndGlobalSection
	GlobalSection(ProjectConfigurationPlatforms) = postSolution
		{EC7841AB-5B41-44A9-AA7A-6B229D9957F3}.Debug|x64.ActiveCfg = Debug|x64
		{EC7841AB-5B41-44A9-AA7A-6B229D9957F3}.Debug|x64.Build.0 = Debug|x64
		{EC7841AB-5B41-44A9-AA7A-6B229D9957F3}.Debug|x86.ActiveCfg = Debug|Win32
		{EC7841AB-5B41-44A9-AA7A-6B229D9957F3}.Debug|x86.Build.0 = Debug|Win32
		{EC7841AB-5B41-44A9-AA7A-6B229D9957F3}.Release|x64.ActiveCfg = Release|x64
		{EC7841AB-5B41-44A9-AA7A-6B229D9957F3}.Release|x64.Build.0 = Release|x64
		{EC7841AB-5B41-44A9-AA7A-6B229D9957F3}.Release|x86.ActiveCfg = Release|Win32
		{EC7841AB-5B41-44A9-AA7A-6B229D9957F3}.Release|x86.Build.0 = Release|Win32
	EndGlobalSection
	GlobalSection(SolutionProperties) = preSolution
		HideSolutionNode = FALSE
	EndGlobalSection
	GlobalSection(ExtensibilityGlobals) = postSolution
		SolutionGuid = {EAF53C8B-27BF-44AC-A68F-9465BCFFA7E1}
	EndGlobalSection
EndGlobal
